
Microsoft Visual Studio Solution File, Format Version 12.00
# Visual Studio 14
VisualStudioVersion = 14.0.24720.0
MinimumVisualStudioVersion = 10.0.40219.1
Project("{F2A71F9B-5D33-465A-A702-920D77279786}") = "StrongRemoteMonad", "StrongRemoteMonad\StrongRemoteMonad.fsproj", "{39DE9B2F-E937-4826-8AAD-0CD99216BF06}"
EndProject
Project("{F2A71F9B-5D33-465A-A702-920D77279786}") = "StrongRemoteMonadLib", "StrongRemoteMonadLib\StrongRemoteMonadLib.fsproj", "{84DB574E-7C54-4B78-AC98-9D8FB84842D1}"
EndProject
Global
	GlobalSection(SolutionConfigurationPlatforms) = preSolution
		Debug|Any CPU = Debug|Any CPU
		Release|Any CPU = Release|Any CPU
	EndGlobalSection
	GlobalSection(ProjectConfigurationPlatforms) = postSolution
		{39DE9B2F-E937-4826-8AAD-0CD99216BF06}.Debug|Any CPU.ActiveCfg = Debug|Any CPU
		{39DE9B2F-E937-4826-8AAD-0CD99216BF06}.Debug|Any CPU.Build.0 = Debug|Any CPU
		{39DE9B2F-E937-4826-8AAD-0CD99216BF06}.Release|Any CPU.ActiveCfg = Release|Any CPU
		{39DE9B2F-E937-4826-8AAD-0CD99216BF06}.Release|Any CPU.Build.0 = Release|Any CPU
		{84DB574E-7C54-4B78-AC98-9D8FB84842D1}.Debug|Any CPU.ActiveCfg = Debug|Any CPU
		{84DB574E-7C54-4B78-AC98-9D8FB84842D1}.Debug|Any CPU.Build.0 = Debug|Any CPU
		{84DB574E-7C54-4B78-AC98-9D8FB84842D1}.Release|Any CPU.ActiveCfg = Release|Any CPU
		{84DB574E-7C54-4B78-AC98-9D8FB84842D1}.Release|Any CPU.Build.0 = Release|Any CPU
	EndGlobalSection
	GlobalSection(SolutionProperties) = preSolution
		HideSolutionNode = FALSE
	EndGlobalSection
EndGlobal
